// !$*UTF8*$!
{
	archiveVersion = 1;
	classes = {
	};
	objectVersion = 46;
	objects = {

/* Begin PBXBuildFile section */
		2EB15A8D196E801100D5C7FA /* Foundation.framework in Frameworks */ = {isa = PBXBuildFile; fileRef = 2EB15A8C196E801100D5C7FA /* Foundation.framework */; };
		2EB15A8F196E801100D5C7FA /* CoreGraphics.framework in Frameworks */ = {isa = PBXBuildFile; fileRef = 2EB15A8E196E801100D5C7FA /* CoreGraphics.framework */; };
		2EB15A91196E801100D5C7FA /* UIKit.framework in Frameworks */ = {isa = PBXBuildFile; fileRef = 2EB15A90196E801100D5C7FA /* UIKit.framework */; };
		2EB15A97196E801100D5C7FA /* InfoPlist.strings in Resources */ = {isa = PBXBuildFile; fileRef = 2EB15A95196E801100D5C7FA /* InfoPlist.strings */; };
		2EB15A99196E801100D5C7FA /* main.m in Sources */ = {isa = PBXBuildFile; fileRef = 2EB15A98196E801100D5C7FA /* main.m */; };
		2EB15A9D196E801100D5C7FA /* KikiAppDelegate.m in Sources */ = {isa = PBXBuildFile; fileRef = 2EB15A9C196E801100D5C7FA /* KikiAppDelegate.m */; };
		2EB15AA0196E801100D5C7FA /* Main.storyboard in Resources */ = {isa = PBXBuildFile; fileRef = 2EB15A9E196E801100D5C7FA /* Main.storyboard */; };
		2EB15AA8196E801100D5C7FA /* Images.xcassets in Resources */ = {isa = PBXBuildFile; fileRef = 2EB15AA7196E801100D5C7FA /* Images.xcassets */; };
		2EB15AAF196E801100D5C7FA /* XCTest.framework in Frameworks */ = {isa = PBXBuildFile; fileRef = 2EB15AAE196E801100D5C7FA /* XCTest.framework */; };
		2EB15AB0196E801100D5C7FA /* Foundation.framework in Frameworks */ = {isa = PBXBuildFile; fileRef = 2EB15A8C196E801100D5C7FA /* Foundation.framework */; };
		2EB15AB1196E801100D5C7FA /* UIKit.framework in Frameworks */ = {isa = PBXBuildFile; fileRef = 2EB15A90196E801100D5C7FA /* UIKit.framework */; };
		2EB15AB9196E801100D5C7FA /* InfoPlist.strings in Resources */ = {isa = PBXBuildFile; fileRef = 2EB15AB7196E801100D5C7FA /* InfoPlist.strings */; };
		2EB15ABB196E801100D5C7FA /* DeviceManagementDemoTests.m in Sources */ = {isa = PBXBuildFile; fileRef = 2EB15ABA196E801100D5C7FA /* DeviceManagementDemoTests.m */; };
		2EB15ACB196E86F100D5C7FA /* KikiRecordTableViewController.m in Sources */ = {isa = PBXBuildFile; fileRef = 2EB15ACA196E86F100D5C7FA /* KikiRecordTableViewController.m */; };
		2EB15ACE196E871600D5C7FA /* KikiDeviceTableViewController.m in Sources */ = {isa = PBXBuildFile; fileRef = 2EB15ACD196E871600D5C7FA /* KikiDeviceTableViewController.m */; };
		2EB15AD1196E874000D5C7FA /* KikiDeviceDetailViewController.m in Sources */ = {isa = PBXBuildFile; fileRef = 2EB15AD0196E874000D5C7FA /* KikiDeviceDetailViewController.m */; };
/* End PBXBuildFile section */

/* Begin PBXContainerItemProxy section */
		2EB15AB2196E801100D5C7FA /* PBXContainerItemProxy */ = {
			isa = PBXContainerItemProxy;
			containerPortal = 2EB15A81196E801100D5C7FA /* Project object */;
			proxyType = 1;
			remoteGlobalIDString = 2EB15A88196E801100D5C7FA;
			remoteInfo = DeviceManagementDemo;
		};
/* End PBXContainerItemProxy section */

/* Begin PBXFileReference section */
		2EB15A89196E801100D5C7FA /* DeviceManagementDemo.app */ = {isa = PBXFileReference; explicitFileType = wrapper.application; includeInIndex = 0; path = DeviceManagementDemo.app; sourceTree = BUILT_PRODUCTS_DIR; };
		2EB15A8C196E801100D5C7FA /* Foundation.framework */ = {isa = PBXFileReference; lastKnownFileType = wrapper.framework; name = Foundation.framework; path = System/Library/Frameworks/Foundation.framework; sourceTree = SDKROOT; };
		2EB15A8E196E801100D5C7FA /* CoreGraphics.framework */ = {isa = PBXFileReference; lastKnownFileType = wrapper.framework; name = CoreGraphics.framework; path = System/Library/Frameworks/CoreGraphics.framework; sourceTree = SDKROOT; };
		2EB15A90196E801100D5C7FA /* UIKit.framework */ = {isa = PBXFileReference; lastKnownFileType = wrapper.framework; name = UIKit.framework; path = System/Library/Frameworks/UIKit.framework; sourceTree = SDKROOT; };
		2EB15A94196E801100D5C7FA /* DeviceManagementDemo-Info.plist */ = {isa = PBXFileReference; lastKnownFileType = text.plist.xml; path = "DeviceManagementDemo-Info.plist"; sourceTree = "<group>"; };
		2EB15A96196E801100D5C7FA /* en */ = {isa = PBXFileReference; lastKnownFileType = text.plist.strings; name = en; path = en.lproj/InfoPlist.strings; sourceTree = "<group>"; };
		2EB15A98196E801100D5C7FA /* main.m */ = {isa = PBXFileReference; lastKnownFileType = sourcecode.c.objc; path = main.m; sourceTree = "<group>"; };
		2EB15A9A196E801100D5C7FA /* DeviceManagementDemo-Prefix.pch */ = {isa = PBXFileReference; lastKnownFileType = sourcecode.c.h; path = "DeviceManagementDemo-Prefix.pch"; sourceTree = "<group>"; };
		2EB15A9B196E801100D5C7FA /* KikiAppDelegate.h */ = {isa = PBXFileReference; lastKnownFileType = sourcecode.c.h; path = KikiAppDelegate.h; sourceTree = "<group>"; };
		2EB15A9C196E801100D5C7FA /* KikiAppDelegate.m */ = {isa = PBXFileReference; lastKnownFileType = sourcecode.c.objc; path = KikiAppDelegate.m; sourceTree = "<group>"; };
		2EB15A9F196E801100D5C7FA /* Base */ = {isa = PBXFileReference; lastKnownFileType = file.storyboard; name = Base; path = Base.lproj/Main.storyboard; sourceTree = "<group>"; };
		2EB15AA7196E801100D5C7FA /* Images.xcassets */ = {isa = PBXFileReference; lastKnownFileType = folder.assetcatalog; path = Images.xcassets; sourceTree = "<group>"; };
		2EB15AAD196E801100D5C7FA /* DeviceManagementDemoTests.xctest */ = {isa = PBXFileReference; explicitFileType = wrapper.cfbundle; includeInIndex = 0; path = DeviceManagementDemoTests.xctest; sourceTree = BUILT_PRODUCTS_DIR; };
		2EB15AAE196E801100D5C7FA /* XCTest.framework */ = {isa = PBXFileReference; lastKnownFileType = wrapper.framework; name = XCTest.framework; path = Library/Frameworks/XCTest.framework; sourceTree = DEVELOPER_DIR; };
		2EB15AB6196E801100D5C7FA /* DeviceManagementDemoTests-Info.plist */ = {isa = PBXFileReference; lastKnownFileType = text.plist.xml; path = "DeviceManagementDemoTests-Info.plist"; sourceTree = "<group>"; };
		2EB15AB8196E801100D5C7FA /* en */ = {isa = PBXFileReference; lastKnownFileType = text.plist.strings; name = en; path = en.lproj/InfoPlist.strings; sourceTree = "<group>"; };
		2EB15ABA196E801100D5C7FA /* DeviceManagementDemoTests.m */ = {isa = PBXFileReference; lastKnownFileType = sourcecode.c.objc; path = DeviceManagementDemoTests.m; sourceTree = "<group>"; };
		2EB15AC9196E86F100D5C7FA /* KikiRecordTableViewController.h */ = {isa = PBXFileReference; fileEncoding = 4; lastKnownFileType = sourcecode.c.h; path = KikiRecordTableViewController.h; sourceTree = "<group>"; };
		2EB15ACA196E86F100D5C7FA /* KikiRecordTableViewController.m */ = {isa = PBXFileReference; fileEncoding = 4; lastKnownFileType = sourcecode.c.objc; path = KikiRecordTableViewController.m; sourceTree = "<group>"; };
		2EB15ACC196E871600D5C7FA /* KikiDeviceTableViewController.h */ = {isa = PBXFileReference; fileEncoding = 4; lastKnownFileType = sourcecode.c.h; path = KikiDeviceTableViewController.h; sourceTree = "<group>"; };
		2EB15ACD196E871600D5C7FA /* KikiDeviceTableViewController.m */ = {isa = PBXFileReference; fileEncoding = 4; lastKnownFileType = sourcecode.c.objc; path = KikiDeviceTableViewController.m; sourceTree = "<group>"; };
		2EB15ACF196E874000D5C7FA /* KikiDeviceDetailViewController.h */ = {isa = PBXFileReference; fileEncoding = 4; lastKnownFileType = sourcecode.c.h; path = KikiDeviceDetailViewController.h; sourceTree = "<group>"; };
		2EB15AD0196E874000D5C7FA /* KikiDeviceDetailViewController.m */ = {isa = PBXFileReference; fileEncoding = 4; lastKnownFileType = sourcecode.c.objc; path = KikiDeviceDetailViewController.m; sourceTree = "<group>"; };
/* End PBXFileReference section */

/* Begin PBXFrameworksBuildPhase section */
		2EB15A86196E801100D5C7FA /* Frameworks */ = {
			isa = PBXFrameworksBuildPhase;
			buildActionMask = 2147483647;
			files = (
				2EB15A8F196E801100D5C7FA /* CoreGraphics.framework in Frameworks */,
				2EB15A91196E801100D5C7FA /* UIKit.framework in Frameworks */,
				2EB15A8D196E801100D5C7FA /* Foundation.framework in Frameworks */,
			);
			runOnlyForDeploymentPostprocessing = 0;
		};
		2EB15AAA196E801100D5C7FA /* Frameworks */ = {
			isa = PBXFrameworksBuildPhase;
			buildActionMask = 2147483647;
			files = (
				2EB15AAF196E801100D5C7FA /* XCTest.framework in Frameworks */,
				2EB15AB1196E801100D5C7FA /* UIKit.framework in Frameworks */,
				2EB15AB0196E801100D5C7FA /* Foundation.framework in Frameworks */,
			);
			runOnlyForDeploymentPostprocessing = 0;
		};
/* End PBXFrameworksBuildPhase section */

/* Begin PBXGroup section */
		2EB15A80196E801100D5C7FA = {
			isa = PBXGroup;
			children = (
				2EB15A92196E801100D5C7FA /* DeviceManagementDemo */,
				2EB15AB4196E801100D5C7FA /* DeviceManagementDemoTests */,
				2EB15A8B196E801100D5C7FA /* Frameworks */,
				2EB15A8A196E801100D5C7FA /* Products */,
			);
			sourceTree = "<group>";
		};
		2EB15A8A196E801100D5C7FA /* Products */ = {
			isa = PBXGroup;
			children = (
				2EB15A89196E801100D5C7FA /* DeviceManagementDemo.app */,
				2EB15AAD196E801100D5C7FA /* DeviceManagementDemoTests.xctest */,
			);
			name = Products;
			sourceTree = "<group>";
		};
		2EB15A8B196E801100D5C7FA /* Frameworks */ = {
			isa = PBXGroup;
			children = (
				2EB15A8C196E801100D5C7FA /* Foundation.framework */,
				2EB15A8E196E801100D5C7FA /* CoreGraphics.framework */,
				2EB15A90196E801100D5C7FA /* UIKit.framework */,
				2EB15AAE196E801100D5C7FA /* XCTest.framework */,
			);
			name = Frameworks;
			sourceTree = "<group>";
		};
		2EB15A92196E801100D5C7FA /* DeviceManagementDemo */ = {
			isa = PBXGroup;
			children = (
				2EB15AC5196E867500D5C7FA /* ViewController */,
				2EB15AC4196E866800D5C7FA /* View */,
				2EB15A9B196E801100D5C7FA /* KikiAppDelegate.h */,
				2EB15A9C196E801100D5C7FA /* KikiAppDelegate.m */,
				2EB15A9E196E801100D5C7FA /* Main.storyboard */,
				2EB15AA7196E801100D5C7FA /* Images.xcassets */,
				2EB15A93196E801100D5C7FA /* Supporting Files */,
			);
			path = DeviceManagementDemo;
			sourceTree = "<group>";
		};
		2EB15A93196E801100D5C7FA /* Supporting Files */ = {
			isa = PBXGroup;
			children = (
				2EB15A94196E801100D5C7FA /* DeviceManagementDemo-Info.plist */,
				2EB15A95196E801100D5C7FA /* InfoPlist.strings */,
				2EB15A98196E801100D5C7FA /* main.m */,
				2EB15A9A196E801100D5C7FA /* DeviceManagementDemo-Prefix.pch */,
			);
			name = "Supporting Files";
			sourceTree = "<group>";
		};
		2EB15AB4196E801100D5C7FA /* DeviceManagementDemoTests */ = {
			isa = PBXGroup;
			children = (
				2EB15ABA196E801100D5C7FA /* DeviceManagementDemoTests.m */,
				2EB15AB5196E801100D5C7FA /* Supporting Files */,
			);
			path = DeviceManagementDemoTests;
			sourceTree = "<group>";
		};
		2EB15AB5196E801100D5C7FA /* Supporting Files */ = {
			isa = PBXGroup;
			children = (
				2EB15AB6196E801100D5C7FA /* DeviceManagementDemoTests-Info.plist */,
				2EB15AB7196E801100D5C7FA /* InfoPlist.strings */,
			);
			name = "Supporting Files";
			sourceTree = "<group>";
		};
		2EB15AC4196E866800D5C7FA /* View */ = {
			isa = PBXGroup;
			children = (
			);
			name = View;
			sourceTree = "<group>";
		};
		2EB15AC5196E867500D5C7FA /* ViewController */ = {
			isa = PBXGroup;
			children = (
				2EB15AC9196E86F100D5C7FA /* KikiRecordTableViewController.h */,
				2EB15ACA196E86F100D5C7FA /* KikiRecordTableViewController.m */,
				2EB15ACC196E871600D5C7FA /* KikiDeviceTableViewController.h */,
				2EB15ACD196E871600D5C7FA /* KikiDeviceTableViewController.m */,
				2EB15ACF196E874000D5C7FA /* KikiDeviceDetailViewController.h */,
				2EB15AD0196E874000D5C7FA /* KikiDeviceDetailViewController.m */,
			);
			name = ViewController;
			sourceTree = "<group>";
		};
/* End PBXGroup section */

/* Begin PBXNativeTarget section */
		2EB15A88196E801100D5C7FA /* DeviceManagementDemo */ = {
			isa = PBXNativeTarget;
			buildConfigurationList = 2EB15ABE196E801100D5C7FA /* Build configuration list for PBXNativeTarget "DeviceManagementDemo" */;
			buildPhases = (
				2EB15A85196E801100D5C7FA /* Sources */,
				2EB15A86196E801100D5C7FA /* Frameworks */,
				2EB15A87196E801100D5C7FA /* Resources */,
			);
			buildRules = (
			);
			dependencies = (
			);
			name = DeviceManagementDemo;
			productName = DeviceManagementDemo;
			productReference = 2EB15A89196E801100D5C7FA /* DeviceManagementDemo.app */;
			productType = "com.apple.product-type.application";
		};
		2EB15AAC196E801100D5C7FA /* DeviceManagementDemoTests */ = {
			isa = PBXNativeTarget;
			buildConfigurationList = 2EB15AC1196E801100D5C7FA /* Build configuration list for PBXNativeTarget "DeviceManagementDemoTests" */;
			buildPhases = (
				2EB15AA9196E801100D5C7FA /* Sources */,
				2EB15AAA196E801100D5C7FA /* Frameworks */,
				2EB15AAB196E801100D5C7FA /* Resources */,
			);
			buildRules = (
			);
			dependencies = (
				2EB15AB3196E801100D5C7FA /* PBXTargetDependency */,
			);
			name = DeviceManagementDemoTests;
			productName = DeviceManagementDemoTests;
			productReference = 2EB15AAD196E801100D5C7FA /* DeviceManagementDemoTests.xctest */;
			productType = "com.apple.product-type.bundle.unit-test";
		};
/* End PBXNativeTarget section */

/* Begin PBXProject section */
		2EB15A81196E801100D5C7FA /* Project object */ = {
			isa = PBXProject;
			attributes = {
				CLASSPREFIX = Kiki;
				LastUpgradeCheck = 0510;
				ORGANIZATIONNAME = TAC;
				TargetAttributes = {
					2EB15AAC196E801100D5C7FA = {
						TestTargetID = 2EB15A88196E801100D5C7FA;
					};
				};
			};
			buildConfigurationList = 2EB15A84196E801100D5C7FA /* Build configuration list for PBXProject "DeviceManagementDemo" */;
			compatibilityVersion = "Xcode 3.2";
			developmentRegion = English;
			hasScannedForEncodings = 0;
			knownRegions = (
				en,
				Base,
			);
			mainGroup = 2EB15A80196E801100D5C7FA;
			productRefGroup = 2EB15A8A196E801100D5C7FA /* Products */;
			projectDirPath = "";
			projectRoot = "";
			targets = (
				2EB15A88196E801100D5C7FA /* DeviceManagementDemo */,
				2EB15AAC196E801100D5C7FA /* DeviceManagementDemoTests */,
			);
		};
/* End PBXProject section */

/* Begin PBXResourcesBuildPhase section */
		2EB15A87196E801100D5C7FA /* Resources */ = {
			isa = PBXResourcesBuildPhase;
			buildActionMask = 2147483647;
			files = (
				2EB15AA8196E801100D5C7FA /* Images.xcassets in Resources */,
				2EB15A97196E801100D5C7FA /* InfoPlist.strings in Resources */,
				2EB15AA0196E801100D5C7FA /* Main.storyboard in Resources */,
			);
			runOnlyForDeploymentPostprocessing = 0;
		};
		2EB15AAB196E801100D5C7FA /* Resources */ = {
			isa = PBXResourcesBuildPhase;
			buildActionMask = 2147483647;
			files = (
				2EB15AB9196E801100D5C7FA /* InfoPlist.strings in Resources */,
			);
			runOnlyForDeploymentPostprocessing = 0;
		};
/* End PBXResourcesBuildPhase section */

/* Begin PBXSourcesBuildPhase section */
		2EB15A85196E801100D5C7FA /* Sources */ = {
			isa = PBXSourcesBuildPhase;
			buildActionMask = 2147483647;
			files = (
				2EB15ACB196E86F100D5C7FA /* KikiRecordTableViewController.m in Sources */,
				2EB15AD1196E874000D5C7FA /* KikiDeviceDetailViewController.m in Sources */,
				2EB15ACE196E871600D5C7FA /* KikiDeviceTableViewController.m in Sources */,
				2EB15A9D196E801100D5C7FA /* KikiAppDelegate.m in Sources */,
				2EB15A99196E801100D5C7FA /* main.m in Sources */,
			);
			runOnlyForDeploymentPostprocessing = 0;
		};
		2EB15AA9196E801100D5C7FA /* Sources */ = {
			isa = PBXSourcesBuildPhase;
			buildActionMask = 2147483647;
			files = (
				2EB15ABB196E801100D5C7FA /* DeviceManagementDemoTests.m in Sources */,
			);
			runOnlyForDeploymentPostprocessing = 0;
		};
/* End PBXSourcesBuildPhase section */

/* Begin PBXTargetDependency section */
		2EB15AB3196E801100D5C7FA /* PBXTargetDependency */ = {
			isa = PBXTargetDependency;
			target = 2EB15A88196E801100D5C7FA /* DeviceManagementDemo */;
			targetProxy = 2EB15AB2196E801100D5C7FA /* PBXContainerItemProxy */;
		};
/* End PBXTargetDependency section */

/* Begin PBXVariantGroup section */
		2EB15A95196E801100D5C7FA /* InfoPlist.strings */ = {
			isa = PBXVariantGroup;
			children = (
				2EB15A96196E801100D5C7FA /* en */,
			);
			name = InfoPlist.strings;
			sourceTree = "<group>";
		};
		2EB15A9E196E801100D5C7FA /* Main.storyboard */ = {
			isa = PBXVariantGroup;
			children = (
				2EB15A9F196E801100D5C7FA /* Base */,
			);
			name = Main.storyboard;
			sourceTree = "<group>";
		};
		2EB15AB7196E801100D5C7FA /* InfoPlist.strings */ = {
			isa = PBXVariantGroup;
			children = (
				2EB15AB8196E801100D5C7FA /* en */,
			);
			name = InfoPlist.strings;
			sourceTree = "<group>";
		};
/* End PBXVariantGroup section */

/* Begin XCBuildConfiguration section */
		2EB15ABC196E801100D5C7FA /* Debug */ = {
			isa = XCBuildConfiguration;
			buildSettings = {
				ALWAYS_SEARCH_USER_PATHS = NO;
				CLANG_CXX_LANGUAGE_STANDARD = "gnu++0x";
				CLANG_CXX_LIBRARY = "libc++";
				CLANG_ENABLE_MODULES = YES;
				CLANG_ENABLE_OBJC_ARC = YES;
				CLANG_WARN_BOOL_CONVERSION = YES;
				CLANG_WARN_CONSTANT_CONVERSION = YES;
				CLANG_WARN_DIRECT_OBJC_ISA_USAGE = YES_ERROR;
				CLANG_WARN_EMPTY_BODY = YES;
				CLANG_WARN_ENUM_CONVERSION = YES;
				CLANG_WARN_INT_CONVERSION = YES;
				CLANG_WARN_OBJC_ROOT_CLASS = YES_ERROR;
				CLANG_WARN__DUPLICATE_METHOD_MATCH = YES;
				"CODE_SIGN_IDENTITY[sdk=iphoneos*]" = "iPhone Developer";
				COPY_PHASE_STRIP = NO;
				GCC_C_LANGUAGE_STANDARD = gnu99;
				GCC_DYNAMIC_NO_PIC = NO;
				GCC_OPTIMIZATION_LEVEL = 0;
				GCC_PREPROCESSOR_DEFINITIONS = (
					"DEBUG=1",
					"$(inherited)",
				);
				GCC_SYMBOLS_PRIVATE_EXTERN = NO;
				GCC_WARN_64_TO_32_BIT_CONVERSION = YES;
				GCC_WARN_ABOUT_RETURN_TYPE = YES_ERROR;
				GCC_WARN_UNDECLARED_SELECTOR = YES;
				GCC_WARN_UNINITIALIZED_AUTOS = YES_AGGRESSIVE;
				GCC_WARN_UNUSED_FUNCTION = YES;
				GCC_WARN_UNUSED_VARIABLE = YES;
				IPHONEOS_DEPLOYMENT_TARGET = 7.1;
				ONLY_ACTIVE_ARCH = YES;
				SDKROOT = iphoneos;
			};
			name = Debug;
		};
		2EB15ABD196E801100D5C7FA /* Release */ = {
			isa = XCBuildConfiguration;
			buildSettings = {
				ALWAYS_SEARCH_USER_PATHS = NO;
				CLANG_CXX_LANGUAGE_STANDARD = "gnu++0x";
				CLANG_CXX_LIBRARY = "libc++";
				CLANG_ENABLE_MODULES = YES;
				CLANG_ENABLE_OBJC_ARC = YES;
				CLANG_WARN_BOOL_CONVERSION = YES;
				CLANG_WARN_CONSTANT_CONVERSION = YES;
				CLANG_WARN_DIRECT_OBJC_ISA_USAGE = YES_ERROR;
				CLANG_WARN_EMPTY_BODY = YES;
				CLANG_WARN_ENUM_CONVERSION = YES;
				CLANG_WARN_INT_CONVERSION = YES;
				CLANG_WARN_OBJC_ROOT_CLASS = YES_ERROR;
				CLANG_WARN__DUPLICATE_METHOD_MATCH = YES;
				"CODE_SIGN_IDENTITY[sdk=iphoneos*]" = "iPhone Developer";
				COPY_PHASE_STRIP = YES;
				ENABLE_NS_ASSERTIONS = NO;
				GCC_C_LANGUAGE_STANDARD = gnu99;
				GCC_WARN_64_TO_32_BIT_CONVERSION = YES;
				GCC_WARN_ABOUT_RETURN_TYPE = YES_ERROR;
				GCC_WARN_UNDECLARED_SELECTOR = YES;
				GCC_WARN_UNINITIALIZED_AUTOS = YES_AGGRESSIVE;
				GCC_WARN_UNUSED_FUNCTION = YES;
				GCC_WARN_UNUSED_VARIABLE = YES;
				IPHONEOS_DEPLOYMENT_TARGET = 7.1;
				SDKROOT = iphoneos;
				VALIDATE_PRODUCT = YES;
			};
			name = Release;
		};
		2EB15ABF196E801100D5C7FA /* Debug */ = {
			isa = XCBuildConfiguration;
			buildSettings = {
				ASSETCATALOG_COMPILER_APPICON_NAME = AppIcon;
				ASSETCATALOG_COMPILER_LAUNCHIMAGE_NAME = LaunchImage;
				GCC_PRECOMPILE_PREFIX_HEADER = YES;
				GCC_PREFIX_HEADER = "DeviceManagementDemo/DeviceManagementDemo-Prefix.pch";
				INFOPLIST_FILE = "DeviceManagementDemo/DeviceManagementDemo-Info.plist";
				PRODUCT_NAME = "$(TARGET_NAME)";
				WRAPPER_EXTENSION = app;
			};
			name = Debug;
		};
		2EB15AC0196E801100D5C7FA /* Release */ = {
			isa = XCBuildConfiguration;
			buildSettings = {
				ASSETCATALOG_COMPILER_APPICON_NAME = AppIcon;
				ASSETCATALOG_COMPILER_LAUNCHIMAGE_NAME = LaunchImage;
				GCC_PRECOMPILE_PREFIX_HEADER = YES;
				GCC_PREFIX_HEADER = "DeviceManagementDemo/DeviceManagementDemo-Prefix.pch";
				INFOPLIST_FILE = "DeviceManagementDemo/DeviceManagementDemo-Info.plist";
				PRODUCT_NAME = "$(TARGET_NAME)";
				WRAPPER_EXTENSION = app;
			};
			name = Release;
		};
		2EB15AC2196E801100D5C7FA /* Debug */ = {
			isa = XCBuildConfiguration;
			buildSettings = {
				BUNDLE_LOADER = "$(BUILT_PRODUCTS_DIR)/DeviceManagementDemo.app/DeviceManagementDemo";
				FRAMEWORK_SEARCH_PATHS = (
					"$(SDKROOT)/Developer/Library/Frameworks",
					"$(inherited)",
					"$(DEVELOPER_FRAMEWORKS_DIR)",
				);
				GCC_PRECOMPILE_PREFIX_HEADER = YES;
				GCC_PREFIX_HEADER = "DeviceManagementDemo/DeviceManagementDemo-Prefix.pch";
				GCC_PREPROCESSOR_DEFINITIONS = (
					"DEBUG=1",
					"$(inherited)",
				);
				INFOPLIST_FILE = "DeviceManagementDemoTests/DeviceManagementDemoTests-Info.plist";
				PRODUCT_NAME = "$(TARGET_NAME)";
				TEST_HOST = "$(BUNDLE_LOADER)";
				WRAPPER_EXTENSION = xctest;
			};
			name = Debug;
		};
		2EB15AC3196E801100D5C7FA /* Release */ = {
			isa = XCBuildConfiguration;
			buildSettings = {
				BUNDLE_LOADER = "$(BUILT_PRODUCTS_DIR)/DeviceManagementDemo.app/DeviceManagementDemo";
				FRAMEWORK_SEARCH_PATHS = (
					"$(SDKROOT)/Developer/Library/Frameworks",
					"$(inherited)",
					"$(DEVELOPER_FRAMEWORKS_DIR)",
				);
				GCC_PRECOMPILE_PREFIX_HEADER = YES;
				GCC_PREFIX_HEADER = "DeviceManagementDemo/DeviceManagementDemo-Prefix.pch";
				INFOPLIST_FILE = "DeviceManagementDemoTests/DeviceManagementDemoTests-Info.plist";
				PRODUCT_NAME = "$(TARGET_NAME)";
				TEST_HOST = "$(BUNDLE_LOADER)";
				WRAPPER_EXTENSION = xctest;
			};
			name = Release;
		};
/* End XCBuildConfiguration section */

/* Begin XCConfigurationList section */
		2EB15A84196E801100D5C7FA /* Build configuration list for PBXProject "DeviceManagementDemo" */ = {
			isa = XCConfigurationList;
			buildConfigurations = (
				2EB15ABC196E801100D5C7FA /* Debug */,
				2EB15ABD196E801100D5C7FA /* Release */,
			);
			defaultConfigurationIsVisible = 0;
			defaultConfigurationName = Release;
		};
		2EB15ABE196E801100D5C7FA /* Build configuration list for PBXNativeTarget "DeviceManagementDemo" */ = {
			isa = XCConfigurationList;
			buildConfigurations = (
				2EB15ABF196E801100D5C7FA /* Debug */,
				2EB15AC0196E801100D5C7FA /* Release */,
			);
			defaultConfigurationIsVisible = 0;
		};
		2EB15AC1196E801100D5C7FA /* Build configuration list for PBXNativeTarget "DeviceManagementDemoTests" */ = {
			isa = XCConfigurationList;
			buildConfigurations = (
				2EB15AC2196E801100D5C7FA /* Debug */,
				2EB15AC3196E801100D5C7FA /* Release */,
			);
			defaultConfigurationIsVisible = 0;
		};
/* End XCConfigurationList section */
	};
	rootObject = 2EB15A81196E801100D5C7FA /* Project object */;
}
